Microsoft Visual Studio Solution File, Format Version 12.00
# Visual Studio Version 17
VisualStudioVersion = 17.5.2.0
MinimumVisualStudioVersion = 10.0.40219.1
Project("{FAE04EC0-301F-11D3-BF4B-00C04F79EFBC}") = "explAInedArticleService.Tests", "explAInedArticleService.Tests.csproj", "{615DDFEE-A76F-73F4-62F6-018095386158}"
EndProject
Global
	GlobalSection(SolutionConfigurationPlatforms) = preSolution
		Debug|Any CPU = Debug|Any CPU
		Release|Any CPU = Release|Any CPU
	EndGlobalSection
	GlobalSection(ProjectConfigurationPlatforms) = postSolution
		{615DDFEE-A76F-73F4-62F6-018095386158}.Debug|Any CPU.ActiveCfg = Debug|Any CPU
		{615DDFEE-A76F-73F4-62F6-018095386158}.Debug|Any CPU.Build.0 = Debug|Any CPU
		{615DDFEE-A76F-73F4-62F6-018095386158}.Release|Any CPU.ActiveCfg = Release|Any CPU
		{615DDFEE-A76F-73F4-62F6-018095386158}.Release|Any CPU.Build.0 = Release|Any CPU
	EndGlobalSection
	GlobalSection(SolutionProperties) = preSolution
		HideSolutionNode = FALSE
	EndGlobalSection
	GlobalSection(ExtensibilityGlobals) = postSolution
		SolutionGuid = {8EC664D0-676E-44F8-9DC0-7852F52CD0F1}
	EndGlobalSection
EndGlobal
